{
  "name": "renovate-meetup",
  "version": "0.0.1",
  "lockfileVersion": 3,
  "requires": true,
  "packages": {
    "": {
      "name": "renovate-meetup",
      "version": "0.0.1",
      "license": "Apache-2.0",
      "dependencies": {
        "commander": "13.1.0",
        "lodash": "4.10.0"
      }
    },
    "node_modules/commander": {
      "version": "13.1.0",
      "resolved": "https://registry.npmjs.org/commander/-/commander-13.1.0.tgz",
      "integrity": "sha512-/rFeCpNJQbhSZjGVwO9RFV3xPqbnERS8MmIQzCtD/zl6gpJuV/bMLuN92oG3F7d8oDEHHRrujSXNUr8fpjntKw==",
      "license": "MIT",
      "engines": {
        "node": ">=18"
      }
    },
    "node_modules/lodash": {
      "version": "4.10.0",
      "resolved": "https://registry.npmjs.org/lodash/-/lodash-4.10.0.tgz",
      "integrity": "sha512-uDkT/I1Y2X0gvxCdeosY9/XImqohEKRrvj/NLXA7H1NKWdu61lHnrIHiQPNlvIXCzsbnBqwdheW0AbKMxMQF+Q=="
    }
  }
}
