{
  "name": "renovate-meetup",
  "version": "0.0.1",
  "lockfileVersion": 3,
  "requires": true,
  "packages": {
    "": {
      "name": "renovate-meetup",
      "version": "0.0.1",
      "license": "Apache-2.0",
      "dependencies": {
        "commander": "2.20.3",
        "lodash": "4.10.0"
      }
    },
    "node_modules/commander": {
      "version": "2.20.3",
      "resolved": "https://registry.npmjs.org/commander/-/commander-2.20.3.tgz",
      "integrity": "sha512-GpVkmM8vF2vQUkj2LvZmD35JxeJOLCwJ9cUkugyk2nuhbv3+mJvpLYYt+0+USMxE+oj+ey/lJEnhZw75x/OMcQ=="
    },
    "node_modules/lodash": {
      "version": "4.10.0",
      "resolved": "https://registry.npmjs.org/lodash/-/lodash-4.10.0.tgz",
      "integrity": "sha512-uDkT/I1Y2X0gvxCdeosY9/XImqohEKRrvj/NLXA7H1NKWdu61lHnrIHiQPNlvIXCzsbnBqwdheW0AbKMxMQF+Q=="
    }
  }
}
