{
  "name": "renovate-meetup",
  "version": "0.0.1",
  "lockfileVersion": 3,
  "requires": true,
  "packages": {
    "": {
      "name": "renovate-meetup",
      "version": "0.0.1",
      "license": "Apache-2.0",
      "dependencies": {
        "commander": "10.0.1",
        "lodash": "4.10.0"
      }
    },
    "node_modules/commander": {
      "version": "10.0.1",
      "resolved": "https://registry.npmjs.org/commander/-/commander-10.0.1.tgz",
      "integrity": "sha512-y4Mg2tXshplEbSGzx7amzPwKKOCGuoSRP/CjEdwwk0FOGlUbq6lKuoyDZTNZkmxHdJtp54hdfY/JUrdL7Xfdug==",
      "engines": {
        "node": ">=14"
      }
    },
    "node_modules/lodash": {
      "version": "4.10.0",
      "resolved": "https://registry.npmjs.org/lodash/-/lodash-4.10.0.tgz",
      "integrity": "sha512-uDkT/I1Y2X0gvxCdeosY9/XImqohEKRrvj/NLXA7H1NKWdu61lHnrIHiQPNlvIXCzsbnBqwdheW0AbKMxMQF+Q=="
    }
  }
}
